
Microsoft Visual Studio Solution File, Format Version 12.00
# Visual Studio 2013
VisualStudioVersion = 12.0.31101.0
MinimumVisualStudioVersion = 10.0.40219.1
Project("{FAE04EC0-301F-11D3-BF4B-00C04F79EFBC}") = "SpecFlowNUnitSelenium.Tests", "SpecFlow.NUnit.Selenium.Tests\SpecFlowNUnitSelenium.Tests.csproj", "{2E11B4B9-1677-4133-A4AC-B32C2357972B}"
EndProject
Project("{2150E333-8FDC-42A3-9474-1A3956D46DE8}") = ".nuget", ".nuget", "{651622D8-E6F1-42E8-86CA-242F5D2B765C}"
	ProjectSection(SolutionItems) = preProject
		.nuget\packages.config = .nuget\packages.config
	EndProjectSection
EndProject
Global
	GlobalSection(SolutionConfigurationPlatforms) = preSolution
		Debug|Any CPU = Debug|Any CPU
		Release|Any CPU = Release|Any CPU
	EndGlobalSection
	GlobalSection(ProjectConfigurationPlatforms) = postSolution
		{2E11B4B9-1677-4133-A4AC-B32C2357972B}.Debug|Any CPU.ActiveCfg = Debug|Any CPU
		{2E11B4B9-1677-4133-A4AC-B32C2357972B}.Debug|Any CPU.Build.0 = Debug|Any CPU
		{2E11B4B9-1677-4133-A4AC-B32C2357972B}.Release|Any CPU.ActiveCfg = Release|Any CPU
		{2E11B4B9-1677-4133-A4AC-B32C2357972B}.Release|Any CPU.Build.0 = Release|Any CPU
	EndGlobalSection
	GlobalSection(SolutionProperties) = preSolution
		HideSolutionNode = FALSE
	EndGlobalSection
EndGlobal
